// !$*UTF8*$!
{
	archiveVersion = 1;
	classes = {
	};
	objectVersion = 50;
	objects = {

/* Begin PBXBuildFile section */
		32986BC225E3BA640002A448 /* LoginScreenViewController.swift in Sources */ = {isa = PBXBuildFile; fileRef = 32986BC125E3BA640002A448 /* LoginScreenViewController.swift */; };
		32DF9B2C25D6BBAB00961B3C /* UIColor+Extension.swift in Sources */ = {isa = PBXBuildFile; fileRef = 32DF9B2B25D6BBAB00961B3C /* UIColor+Extension.swift */; };
		32E0FBF625D31FA200287786 /* AppDelegate.swift in Sources */ = {isa = PBXBuildFile; fileRef = 32E0FBF525D31FA200287786 /* AppDelegate.swift */; };
		32E0FBF825D31FA200287786 /* SceneDelegate.swift in Sources */ = {isa = PBXBuildFile; fileRef = 32E0FBF725D31FA200287786 /* SceneDelegate.swift */; };
		32E0FBFF25D31FAC00287786 /* Assets.xcassets in Resources */ = {isa = PBXBuildFile; fileRef = 32E0FBFE25D31FAC00287786 /* Assets.xcassets */; };
		32E0FC0225D31FAC00287786 /* LaunchScreen.storyboard in Resources */ = {isa = PBXBuildFile; fileRef = 32E0FC0025D31FAC00287786 /* LaunchScreen.storyboard */; };
		32E0FC0E25D40D9F00287786 /* ContactsTableViewController.swift in Sources */ = {isa = PBXBuildFile; fileRef = 32E0FC0D25D40D9F00287786 /* ContactsTableViewController.swift */; };
		32E0FC1125D42C7700287786 /* Names.swift in Sources */ = {isa = PBXBuildFile; fileRef = 32E0FC1025D42C7700287786 /* Names.swift */; };
		32E0FC1425D44A1000287786 /* ContactsTableViewCell.swift in Sources */ = {isa = PBXBuildFile; fileRef = 32E0FC1325D44A0F00287786 /* ContactsTableViewCell.swift */; };
		32E0FC1E25D6912000287786 /* CompaniesTableViewController.swift in Sources */ = {isa = PBXBuildFile; fileRef = 32E0FC1D25D6911F00287786 /* CompaniesTableViewController.swift */; };
/* End PBXBuildFile section */

/* Begin PBXFileReference section */
		32986BC125E3BA640002A448 /* LoginScreenViewController.swift */ = {isa = PBXFileReference; lastKnownFileType = sourcecode.swift; path = LoginScreenViewController.swift; sourceTree = "<group>"; };
		32DF9B2B25D6BBAB00961B3C /* UIColor+Extension.swift */ = {isa = PBXFileReference; lastKnownFileType = sourcecode.swift; path = "UIColor+Extension.swift"; sourceTree = "<group>"; };
		32E0FBF225D31FA200287786 /* MyContacts.app */ = {isa = PBXFileReference; explicitFileType = wrapper.application; includeInIndex = 0; path = MyContacts.app; sourceTree = BUILT_PRODUCTS_DIR; };
		32E0FBF525D31FA200287786 /* AppDelegate.swift */ = {isa = PBXFileReference; lastKnownFileType = sourcecode.swift; path = AppDelegate.swift; sourceTree = "<group>"; };
		32E0FBF725D31FA200287786 /* SceneDelegate.swift */ = {isa = PBXFileReference; lastKnownFileType = sourcecode.swift; path = SceneDelegate.swift; sourceTree = "<group>"; };
		32E0FBFE25D31FAC00287786 /* Assets.xcassets */ = {isa = PBXFileReference; lastKnownFileType = folder.assetcatalog; path = Assets.xcassets; sourceTree = "<group>"; };
		32E0FC0125D31FAC00287786 /* Base */ = {isa = PBXFileReference; lastKnownFileType = file.storyboard; name = Base; path = Base.lproj/LaunchScreen.storyboard; sourceTree = "<group>"; };
		32E0FC0325D31FAC00287786 /* Info.plist */ = {isa = PBXFileReference; lastKnownFileType = text.plist.xml; path = Info.plist; sourceTree = "<group>"; };
		32E0FC0D25D40D9F00287786 /* ContactsTableViewController.swift */ = {isa = PBXFileReference; lastKnownFileType = sourcecode.swift; path = ContactsTableViewController.swift; sourceTree = "<group>"; };
		32E0FC1025D42C7700287786 /* Names.swift */ = {isa = PBXFileReference; lastKnownFileType = sourcecode.swift; path = Names.swift; sourceTree = "<group>"; };
		32E0FC1325D44A0F00287786 /* ContactsTableViewCell.swift */ = {isa = PBXFileReference; lastKnownFileType = sourcecode.swift; path = ContactsTableViewCell.swift; sourceTree = "<group>"; };
		32E0FC1D25D6911F00287786 /* CompaniesTableViewController.swift */ = {isa = PBXFileReference; lastKnownFileType = sourcecode.swift; path = CompaniesTableViewController.swift; sourceTree = "<group>"; };
/* End PBXFileReference section */

/* Begin PBXFrameworksBuildPhase section */
		32E0FBEF25D31FA200287786 /* Frameworks */ = {
			isa = PBXFrameworksBuildPhase;
			buildActionMask = 2147483647;
			files = (
			);
			runOnlyForDeploymentPostprocessing = 0;
		};
/* End PBXFrameworksBuildPhase section */

/* Begin PBXGroup section */
		32986BC025E3BA460002A448 /* Resource */ = {
			isa = PBXGroup;
			children = (
				32E0FBF525D31FA200287786 /* AppDelegate.swift */,
				32E0FBFE25D31FAC00287786 /* Assets.xcassets */,
				32E0FBF725D31FA200287786 /* SceneDelegate.swift */,
			);
			path = Resource;
			sourceTree = "<group>";
		};
		32986BC525E3BAB60002A448 /* Extension */ = {
			isa = PBXGroup;
			children = (
				32DF9B2B25D6BBAB00961B3C /* UIColor+Extension.swift */,
			);
			path = Extension;
			sourceTree = "<group>";
		};
		32E0FBE925D31FA200287786 = {
			isa = PBXGroup;
			children = (
				32E0FBF425D31FA200287786 /* MyContacts */,
				32E0FBF325D31FA200287786 /* Products */,
			);
			sourceTree = "<group>";
		};
		32E0FBF325D31FA200287786 /* Products */ = {
			isa = PBXGroup;
			children = (
				32E0FBF225D31FA200287786 /* MyContacts.app */,
			);
			name = Products;
			sourceTree = "<group>";
		};
		32E0FBF425D31FA200287786 /* MyContacts */ = {
			isa = PBXGroup;
			children = (
				32986BC525E3BAB60002A448 /* Extension */,
				32E0FC1625D44FF000287786 /* Model */,
				32E0FC1725D44FFD00287786 /* View */,
				32E0FC1825D4500400287786 /* Contoller */,
				32986BC025E3BA460002A448 /* Resource */,
				32E0FC0025D31FAC00287786 /* LaunchScreen.storyboard */,
				32E0FC0325D31FAC00287786 /* Info.plist */,
			);
			path = MyContacts;
			sourceTree = "<group>";
		};
		32E0FC1625D44FF000287786 /* Model */ = {
			isa = PBXGroup;
			children = (
				32E0FC1025D42C7700287786 /* Names.swift */,
			);
			path = Model;
			sourceTree = "<group>";
		};
		32E0FC1725D44FFD00287786 /* View */ = {
			isa = PBXGroup;
			children = (
				32E0FC1325D44A0F00287786 /* ContactsTableViewCell.swift */,
			);
			path = View;
			sourceTree = "<group>";
		};
		32E0FC1825D4500400287786 /* Contoller */ = {
			isa = PBXGroup;
			children = (
				32E0FC0D25D40D9F00287786 /* ContactsTableViewController.swift */,
				32E0FC1D25D6911F00287786 /* CompaniesTableViewController.swift */,
				32986BC125E3BA640002A448 /* LoginScreenViewController.swift */,
			);
			path = Contoller;
			sourceTree = "<group>";
		};
/* End PBXGroup section */

/* Begin PBXNativeTarget section */
		32E0FBF125D31FA200287786 /* MyContacts */ = {
			isa = PBXNativeTarget;
			buildConfigurationList = 32E0FC0625D31FAC00287786 /* Build configuration list for PBXNativeTarget "MyContacts" */;
			buildPhases = (
				32E0FBEE25D31FA200287786 /* Sources */,
				32E0FBEF25D31FA200287786 /* Frameworks */,
				32E0FBF025D31FA200287786 /* Resources */,
			);
			buildRules = (
			);
			dependencies = (
			);
			name = MyContacts;
			productName = MyContacts;
			productReference = 32E0FBF225D31FA200287786 /* MyContacts.app */;
			productType = "com.apple.product-type.application";
		};
/* End PBXNativeTarget section */

/* Begin PBXProject section */
		32E0FBEA25D31FA200287786 /* Project object */ = {
			isa = PBXProject;
			attributes = {
				LastSwiftUpdateCheck = 1220;
				LastUpgradeCheck = 1220;
				TargetAttributes = {
					32E0FBF125D31FA200287786 = {
						CreatedOnToolsVersion = 12.2;
					};
				};
			};
			buildConfigurationList = 32E0FBED25D31FA200287786 /* Build configuration list for PBXProject "MyContacts" */;
			compatibilityVersion = "Xcode 9.3";
			developmentRegion = en;
			hasScannedForEncodings = 0;
			knownRegions = (
				en,
				Base,
			);
			mainGroup = 32E0FBE925D31FA200287786;
			productRefGroup = 32E0FBF325D31FA200287786 /* Products */;
			projectDirPath = "";
			projectRoot = "";
			targets = (
				32E0FBF125D31FA200287786 /* MyContacts */,
			);
		};
/* End PBXProject section */

/* Begin PBXResourcesBuildPhase section */
		32E0FBF025D31FA200287786 /* Resources */ = {
			isa = PBXResourcesBuildPhase;
			buildActionMask = 2147483647;
			files = (
				32E0FC0225D31FAC00287786 /* LaunchScreen.storyboard in Resources */,
				32E0FBFF25D31FAC00287786 /* Assets.xcassets in Resources */,
			);
			runOnlyForDeploymentPostprocessing = 0;
		};
/* End PBXResourcesBuildPhase section */

/* Begin PBXSourcesBuildPhase section */
		32E0FBEE25D31FA200287786 /* Sources */ = {
			isa = PBXSourcesBuildPhase;
			buildActionMask = 2147483647;
			files = (
				32DF9B2C25D6BBAB00961B3C /* UIColor+Extension.swift in Sources */,
				32E0FBF625D31FA200287786 /* AppDelegate.swift in Sources */,
				32986BC225E3BA640002A448 /* LoginScreenViewController.swift in Sources */,
				32E0FBF825D31FA200287786 /* SceneDelegate.swift in Sources */,
				32E0FC1425D44A1000287786 /* ContactsTableViewCell.swift in Sources */,
				32E0FC1125D42C7700287786 /* Names.swift in Sources */,
				32E0FC0E25D40D9F00287786 /* ContactsTableViewController.swift in Sources */,
				32E0FC1E25D6912000287786 /* CompaniesTableViewController.swift in Sources */,
			);
			runOnlyForDeploymentPostprocessing = 0;
		};
/* End PBXSourcesBuildPhase section */

/* Begin PBXVariantGroup section */
		32E0FC0025D31FAC00287786 /* LaunchScreen.storyboard */ = {
			isa = PBXVariantGroup;
			children = (
				32E0FC0125D31FAC00287786 /* Base */,
			);
			name = LaunchScreen.storyboard;
			sourceTree = "<group>";
		};
/* End PBXVariantGroup section */

/* Begin XCBuildConfiguration section */
		32E0FC0425D31FAC00287786 /* Debug */ = {
			isa = XCBuildConfiguration;
			buildSettings = {
				ALWAYS_SEARCH_USER_PATHS = NO;
				CLANG_ANALYZER_NONNULL = YES;
				CLANG_ANALYZER_NUMBER_OBJECT_CONVERSION = YES_AGGRESSIVE;
				CLANG_CXX_LANGUAGE_STANDARD = "gnu++14";
				CLANG_CXX_LIBRARY = "libc++";
				CLANG_ENABLE_MODULES = YES;
				CLANG_ENABLE_OBJC_ARC = YES;
				CLANG_ENABLE_OBJC_WEAK = YES;
				CLANG_WARN_BLOCK_CAPTURE_AUTORELEASING = YES;
				CLANG_WARN_BOOL_CONVERSION = YES;
				CLANG_WARN_COMMA = YES;
				CLANG_WARN_CONSTANT_CONVERSION = YES;
				CLANG_WARN_DEPRECATED_OBJC_IMPLEMENTATIONS = YES;
				CLANG_WARN_DIRECT_OBJC_ISA_USAGE = YES_ERROR;
				CLANG_WARN_DOCUMENTATION_COMMENTS = YES;
				CLANG_WARN_EMPTY_BODY = YES;
				CLANG_WARN_ENUM_CONVERSION = YES;
				CLANG_WARN_INFINITE_RECURSION = YES;
				CLANG_WARN_INT_CONVERSION = YES;
				CLANG_WARN_NON_LITERAL_NULL_CONVERSION = YES;
				CLANG_WARN_OBJC_IMPLICIT_RETAIN_SELF = YES;
				CLANG_WARN_OBJC_LITERAL_CONVERSION = YES;
				CLANG_WARN_OBJC_ROOT_CLASS = YES_ERROR;
				CLANG_WARN_QUOTED_INCLUDE_IN_FRAMEWORK_HEADER = YES;
				CLANG_WARN_RANGE_LOOP_ANALYSIS = YES;
				CLANG_WARN_STRICT_PROTOTYPES = YES;
				CLANG_WARN_SUSPICIOUS_MOVE = YES;
				CLANG_WARN_UNGUARDED_AVAILABILITY = YES_AGGRESSIVE;
				CLANG_WARN_UNREACHABLE_CODE = YES;
				CLANG_WARN__DUPLICATE_METHOD_MATCH = YES;
				COPY_PHASE_STRIP = NO;
				DEBUG_INFORMATION_FORMAT = dwarf;
				ENABLE_STRICT_OBJC_MSGSEND = YES;
				ENABLE_TESTABILITY = YES;
				GCC_C_LANGUAGE_STANDARD = gnu11;
				GCC_DYNAMIC_NO_PIC = NO;
				GCC_NO_COMMON_BLOCKS = YES;
				GCC_OPTIMIZATION_LEVEL = 0;
				GCC_PREPROCESSOR_DEFINITIONS = (
					"DEBUG=1",
					"$(inherited)",
				);
				GCC_WARN_64_TO_32_BIT_CONVERSION = YES;
				GCC_WARN_ABOUT_RETURN_TYPE = YES_ERROR;
				GCC_WARN_UNDECLARED_SELECTOR = YES;
				GCC_WARN_UNINITIALIZED_AUTOS = YES_AGGRESSIVE;
				GCC_WARN_UNUSED_FUNCTION = YES;
				GCC_WARN_UNUSED_VARIABLE = YES;
				IPHONEOS_DEPLOYMENT_TARGET = 14.2;
				MTL_ENABLE_DEBUG_INFO = INCLUDE_SOURCE;
				MTL_FAST_MATH = YES;
				ONLY_ACTIVE_ARCH = YES;
				SDKROOT = iphoneos;
				SWIFT_ACTIVE_COMPILATION_CONDITIONS = DEBUG;
				SWIFT_OPTIMIZATION_LEVEL = "-Onone";
			};
			name = Debug;
		};
		32E0FC0525D31FAC00287786 /* Release */ = {
			isa = XCBuildConfiguration;
			buildSettings = {
				ALWAYS_SEARCH_USER_PATHS = NO;
				CLANG_ANALYZER_NONNULL = YES;
				CLANG_ANALYZER_NUMBER_OBJECT_CONVERSION = YES_AGGRESSIVE;
				CLANG_CXX_LANGUAGE_STANDARD = "gnu++14";
				CLANG_CXX_LIBRARY = "libc++";
				CLANG_ENABLE_MODULES = YES;
				CLANG_ENABLE_OBJC_ARC = YES;
				CLANG_ENABLE_OBJC_WEAK = YES;
				CLANG_WARN_BLOCK_CAPTURE_AUTORELEASING = YES;
				CLANG_WARN_BOOL_CONVERSION = YES;
				CLANG_WARN_COMMA = YES;
				CLANG_WARN_CONSTANT_CONVERSION = YES;
				CLANG_WARN_DEPRECATED_OBJC_IMPLEMENTATIONS = YES;
				CLANG_WARN_DIRECT_OBJC_ISA_USAGE = YES_ERROR;
				CLANG_WARN_DOCUMENTATION_COMMENTS = YES;
				CLANG_WARN_EMPTY_BODY = YES;
				CLANG_WARN_ENUM_CONVERSION = YES;
				CLANG_WARN_INFINITE_RECURSION = YES;
				CLANG_WARN_INT_CONVERSION = YES;
				CLANG_WARN_NON_LITERAL_NULL_CONVERSION = YES;
				CLANG_WARN_OBJC_IMPLICIT_RETAIN_SELF = YES;
				CLANG_WARN_OBJC_LITERAL_CONVERSION = YES;
				CLANG_WARN_OBJC_ROOT_CLASS = YES_ERROR;
				CLANG_WARN_QUOTED_INCLUDE_IN_FRAMEWORK_HEADER = YES;
				CLANG_WARN_RANGE_LOOP_ANALYSIS = YES;
				CLANG_WARN_STRICT_PROTOTYPES = YES;
				CLANG_WARN_SUSPICIOUS_MOVE = YES;
				CLANG_WARN_UNGUARDED_AVAILABILITY = YES_AGGRESSIVE;
				CLANG_WARN_UNREACHABLE_CODE = YES;
				CLANG_WARN__DUPLICATE_METHOD_MATCH = YES;
				COPY_PHASE_STRIP = NO;
				DEBUG_INFORMATION_FORMAT = "dwarf-with-dsym";
				ENABLE_NS_ASSERTIONS = NO;
				ENABLE_STRICT_OBJC_MSGSEND = YES;
				GCC_C_LANGUAGE_STANDARD = gnu11;
				GCC_NO_COMMON_BLOCKS = YES;
				GCC_WARN_64_TO_32_BIT_CONVERSION = YES;
				GCC_WARN_ABOUT_RETURN_TYPE = YES_ERROR;
				GCC_WARN_UNDECLARED_SELECTOR = YES;
				GCC_WARN_UNINITIALIZED_AUTOS = YES_AGGRESSIVE;
				GCC_WARN_UNUSED_FUNCTION = YES;
				GCC_WARN_UNUSED_VARIABLE = YES;
				IPHONEOS_DEPLOYMENT_TARGET = 14.2;
				MTL_ENABLE_DEBUG_INFO = NO;
				MTL_FAST_MATH = YES;
				SDKROOT = iphoneos;
				SWIFT_COMPILATION_MODE = wholemodule;
				SWIFT_OPTIMIZATION_LEVEL = "-O";
				VALIDATE_PRODUCT = YES;
			};
			name = Release;
		};
		32E0FC0725D31FAC00287786 /* Debug */ = {
			isa = XCBuildConfiguration;
			buildSettings = {
				ASSETCATALOG_COMPILER_APPICON_NAME = AppIcon;
				ASSETCATALOG_COMPILER_GLOBAL_ACCENT_COLOR_NAME = AccentColor;
				CODE_SIGN_STYLE = Automatic;
				DEVELOPMENT_TEAM = 2485JHBP6S;
				INFOPLIST_FILE = MyContacts/Info.plist;
				LD_RUNPATH_SEARCH_PATHS = (
					"$(inherited)",
					"@executable_path/Frameworks",
				);
				PRODUCT_BUNDLE_IDENTIFIER = Valerka.MyContacts;
				PRODUCT_NAME = "$(TARGET_NAME)";
				SWIFT_VERSION = 5.0;
				TARGETED_DEVICE_FAMILY = 1;
			};
			name = Debug;
		};
		32E0FC0825D31FAC00287786 /* Release */ = {
			isa = XCBuildConfiguration;
			buildSettings = {
				ASSETCATALOG_COMPILER_APPICON_NAME = AppIcon;
				ASSETCATALOG_COMPILER_GLOBAL_ACCENT_COLOR_NAME = AccentColor;
				CODE_SIGN_STYLE = Automatic;
				DEVELOPMENT_TEAM = 2485JHBP6S;
				INFOPLIST_FILE = MyContacts/Info.plist;
				LD_RUNPATH_SEARCH_PATHS = (
					"$(inherited)",
					"@executable_path/Frameworks",
				);
				PRODUCT_BUNDLE_IDENTIFIER = Valerka.MyContacts;
				PRODUCT_NAME = "$(TARGET_NAME)";
				SWIFT_VERSION = 5.0;
				TARGETED_DEVICE_FAMILY = 1;
			};
			name = Release;
		};
/* End XCBuildConfiguration section */

/* Begin XCConfigurationList section */
		32E0FBED25D31FA200287786 /* Build configuration list for PBXProject "MyContacts" */ = {
			isa = XCConfigurationList;
			buildConfigurations = (
				32E0FC0425D31FAC00287786 /* Debug */,
				32E0FC0525D31FAC00287786 /* Release */,
			);
			defaultConfigurationIsVisible = 0;
			defaultConfigurationName = Release;
		};
		32E0FC0625D31FAC00287786 /* Build configuration list for PBXNativeTarget "MyContacts" */ = {
			isa = XCConfigurationList;
			buildConfigurations = (
				32E0FC0725D31FAC00287786 /* Debug */,
				32E0FC0825D31FAC00287786 /* Release */,
			);
			defaultConfigurationIsVisible = 0;
			defaultConfigurationName = Release;
		};
/* End XCConfigurationList section */
	};
	rootObject = 32E0FBEA25D31FA200287786 /* Project object */;
}
